
Microsoft Visual Studio Solution File, Format Version 12.00
# Visual Studio Version 17
VisualStudioVersion = 17.14.36203.30 d17.14
MinimumVisualStudioVersion = 10.0.40219.1
Project("{FAE04EC0-301F-11D3-BF4B-00C04F79EFBC}") = "3.3-Interfaces 3", "3.3-Interfaces 3.csproj", "{95913516-BB5B-45A1-A1AC-6152E6261E2E}"
EndProject
Global
	GlobalSection(SolutionConfigurationPlatforms) = preSolution
		Debug|Any CPU = Debug|Any CPU
		Release|Any CPU = Release|Any CPU
	EndGlobalSection
	GlobalSection(ProjectConfigurationPlatforms) = postSolution
		{95913516-BB5B-45A1-A1AC-6152E6261E2E}.Debug|Any CPU.ActiveCfg = Debug|Any CPU
		{95913516-BB5B-45A1-A1AC-6152E6261E2E}.Debug|Any CPU.Build.0 = Debug|Any CPU
		{95913516-BB5B-45A1-A1AC-6152E6261E2E}.Release|Any CPU.ActiveCfg = Release|Any CPU
		{95913516-BB5B-45A1-A1AC-6152E6261E2E}.Release|Any CPU.Build.0 = Release|Any CPU
	EndGlobalSection
	GlobalSection(SolutionProperties) = preSolution
		HideSolutionNode = FALSE
	EndGlobalSection
	GlobalSection(ExtensibilityGlobals) = postSolution
		SolutionGuid = {7F12F04C-5521-4620-8F1D-8B36035D6D66}
	EndGlobalSection
EndGlobal
