
Microsoft Visual Studio Solution File, Format Version 12.00
# Visual Studio Version 17
VisualStudioVersion = 17.14.36203.30 d17.14
MinimumVisualStudioVersion = 10.0.40219.1
Project("{FAE04EC0-301F-11D3-BF4B-00C04F79EFBC}") = "2.2-Clase Object", "2.2-Clase Object.csproj", "{93828079-E856-438D-AA94-B31D6C47D417}"
EndProject
Global
	GlobalSection(SolutionConfigurationPlatforms) = preSolution
		Debug|Any CPU = Debug|Any CPU
		Release|Any CPU = Release|Any CPU
	EndGlobalSection
	GlobalSection(ProjectConfigurationPlatforms) = postSolution
		{93828079-E856-438D-AA94-B31D6C47D417}.Debug|Any CPU.ActiveCfg = Debug|Any CPU
		{93828079-E856-438D-AA94-B31D6C47D417}.Debug|Any CPU.Build.0 = Debug|Any CPU
		{93828079-E856-438D-AA94-B31D6C47D417}.Release|Any CPU.ActiveCfg = Release|Any CPU
		{93828079-E856-438D-AA94-B31D6C47D417}.Release|Any CPU.Build.0 = Release|Any CPU
	EndGlobalSection
	GlobalSection(SolutionProperties) = preSolution
		HideSolutionNode = FALSE
	EndGlobalSection
	GlobalSection(ExtensibilityGlobals) = postSolution
		SolutionGuid = {F6088765-3BA5-49F4-95CC-CF5FEDCF0C65}
	EndGlobalSection
EndGlobal
