
Microsoft Visual Studio Solution File, Format Version 12.00
# Visual Studio Version 17
VisualStudioVersion = 17.14.36203.30 d17.14
MinimumVisualStudioVersion = 10.0.40219.1
Project("{FAE04EC0-301F-11D3-BF4B-00C04F79EFBC}") = "4.1-Vista Diseno", "4.1-Vista Diseno.csproj", "{4BB1491A-A817-44B9-A7DE-1B0D865F3CFD}"
EndProject
Global
	GlobalSection(SolutionConfigurationPlatforms) = preSolution
		Debug|Any CPU = Debug|Any CPU
		Release|Any CPU = Release|Any CPU
	EndGlobalSection
	GlobalSection(ProjectConfigurationPlatforms) = postSolution
		{4BB1491A-A817-44B9-A7DE-1B0D865F3CFD}.Debug|Any CPU.ActiveCfg = Debug|Any CPU
		{4BB1491A-A817-44B9-A7DE-1B0D865F3CFD}.Debug|Any CPU.Build.0 = Debug|Any CPU
		{4BB1491A-A817-44B9-A7DE-1B0D865F3CFD}.Release|Any CPU.ActiveCfg = Release|Any CPU
		{4BB1491A-A817-44B9-A7DE-1B0D865F3CFD}.Release|Any CPU.Build.0 = Release|Any CPU
	EndGlobalSection
	GlobalSection(SolutionProperties) = preSolution
		HideSolutionNode = FALSE
	EndGlobalSection
	GlobalSection(ExtensibilityGlobals) = postSolution
		SolutionGuid = {EE5F3503-D47B-499C-9CB3-0F784AAAD406}
	EndGlobalSection
EndGlobal
