
Microsoft Visual Studio Solution File, Format Version 12.00
# Visual Studio Version 17
VisualStudioVersion = 17.14.36203.30 d17.14
MinimumVisualStudioVersion = 10.0.40219.1
Project("{FAE04EC0-301F-11D3-BF4B-00C04F79EFBC}") = "1.3-Agregar Variables y metodos", "1.3-Agregar Variables y metodos.csproj", "{C5FD14E3-1011-445E-AB98-F0FF73C04D40}"
EndProject
Global
	GlobalSection(SolutionConfigurationPlatforms) = preSolution
		Debug|Any CPU = Debug|Any CPU
		Release|Any CPU = Release|Any CPU
	EndGlobalSection
	GlobalSection(ProjectConfigurationPlatforms) = postSolution
		{C5FD14E3-1011-445E-AB98-F0FF73C04D40}.Debug|Any CPU.ActiveCfg = Debug|Any CPU
		{C5FD14E3-1011-445E-AB98-F0FF73C04D40}.Debug|Any CPU.Build.0 = Debug|Any CPU
		{C5FD14E3-1011-445E-AB98-F0FF73C04D40}.Release|Any CPU.ActiveCfg = Release|Any CPU
		{C5FD14E3-1011-445E-AB98-F0FF73C04D40}.Release|Any CPU.Build.0 = Release|Any CPU
	EndGlobalSection
	GlobalSection(SolutionProperties) = preSolution
		HideSolutionNode = FALSE
	EndGlobalSection
	GlobalSection(ExtensibilityGlobals) = postSolution
		SolutionGuid = {1E95CB12-DD94-4FDB-A319-301692B14212}
	EndGlobalSection
EndGlobal
