
Microsoft Visual Studio Solution File, Format Version 12.00
# Visual Studio Version 17
VisualStudioVersion = 17.14.36203.30 d17.14
MinimumVisualStudioVersion = 10.0.40219.1
Project("{FAE04EC0-301F-11D3-BF4B-00C04F79EFBC}") = "2.4-Sustitucion", "2.4-Sustitucion.csproj", "{47F220FA-72AA-4F6B-93E1-AD675AC5283F}"
EndProject
Global
	GlobalSection(SolutionConfigurationPlatforms) = preSolution
		Debug|Any CPU = Debug|Any CPU
		Release|Any CPU = Release|Any CPU
	EndGlobalSection
	GlobalSection(ProjectConfigurationPlatforms) = postSolution
		{47F220FA-72AA-4F6B-93E1-AD675AC5283F}.Debug|Any CPU.ActiveCfg = Debug|Any CPU
		{47F220FA-72AA-4F6B-93E1-AD675AC5283F}.Debug|Any CPU.Build.0 = Debug|Any CPU
		{47F220FA-72AA-4F6B-93E1-AD675AC5283F}.Release|Any CPU.ActiveCfg = Release|Any CPU
		{47F220FA-72AA-4F6B-93E1-AD675AC5283F}.Release|Any CPU.Build.0 = Release|Any CPU
	EndGlobalSection
	GlobalSection(SolutionProperties) = preSolution
		HideSolutionNode = FALSE
	EndGlobalSection
	GlobalSection(ExtensibilityGlobals) = postSolution
		SolutionGuid = {552D35B3-0AA3-48FB-A136-A731B6313CC4}
	EndGlobalSection
EndGlobal
